// !$*UTF8*$!
{
	archiveVersion = 1;
	classes = {
	};
	objectVersion = 48;
	objects = {

/* Begin PBXBuildFile section */
		D11148411F111C3000CC37AA /* BaseComponentCell.swift in Sources */ = {isa = PBXBuildFile; fileRef = D11148401F111C3000CC37AA /* BaseComponentCell.swift */; };
		D11148431F11295100CC37AA /* ComponentRenderer.swift in Sources */ = {isa = PBXBuildFile; fileRef = D11148421F11295100CC37AA /* ComponentRenderer.swift */; };
		D11148451F11307000CC37AA /* UIButton+React.swift in Sources */ = {isa = PBXBuildFile; fileRef = D11148441F11307000CC37AA /* UIButton+React.swift */; };
		D11148481F11322700CC37AA /* ComponentFlowLayout.swift in Sources */ = {isa = PBXBuildFile; fileRef = D11148471F11322700CC37AA /* ComponentFlowLayout.swift */; };
		D1182DE71F1A5022008EED00 /* SectionComponent.swift in Sources */ = {isa = PBXBuildFile; fileRef = D1182DE61F1A5022008EED00 /* SectionComponent.swift */; };
		D1182DE91F1A79A6008EED00 /* SingleViewComponent.swift in Sources */ = {isa = PBXBuildFile; fileRef = D1182DE81F1A79A6008EED00 /* SingleViewComponent.swift */; };
		D1182DED1F1B9326008EED00 /* LayoutModels.swift in Sources */ = {isa = PBXBuildFile; fileRef = D1182DEC1F1B9326008EED00 /* LayoutModels.swift */; };
		D1182DF11F1BB8CA008EED00 /* LayoutExampleViewController.swift in Sources */ = {isa = PBXBuildFile; fileRef = D1182DF01F1BB8CA008EED00 /* LayoutExampleViewController.swift */; };
		D121D30A1F2CF31C00D9B144 /* TranslatorTests.swift in Sources */ = {isa = PBXBuildFile; fileRef = D121D3091F2CF31800D9B144 /* TranslatorTests.swift */; };
		D121D30B1F2CF31E00D9B144 /* Mocks.swift in Sources */ = {isa = PBXBuildFile; fileRef = D121D3081F2CF31800D9B144 /* Mocks.swift */; };
		D121D30D1F2CF34200D9B144 /* Translator.swift in Sources */ = {isa = PBXBuildFile; fileRef = D121D30C1F2CF33F00D9B144 /* Translator.swift */; };
		D15103881F0D1AC800213882 /* AppDelegate.swift in Sources */ = {isa = PBXBuildFile; fileRef = D15103871F0D1AC800213882 /* AppDelegate.swift */; };
		D151038A1F0D1AC800213882 /* BaseComponentViewController.swift in Sources */ = {isa = PBXBuildFile; fileRef = D15103891F0D1AC800213882 /* BaseComponentViewController.swift */; };
		D151038F1F0D1AC800213882 /* Assets.xcassets in Resources */ = {isa = PBXBuildFile; fileRef = D151038E1F0D1AC800213882 /* Assets.xcassets */; };
		D1680EAE1F1643CE0070ADF9 /* BaseComponent.swift in Sources */ = {isa = PBXBuildFile; fileRef = D1680EAD1F1643CE0070ADF9 /* BaseComponent.swift */; };
		D1680EB01F1644C70070ADF9 /* UIKitComponent.swift in Sources */ = {isa = PBXBuildFile; fileRef = D1680EAF1F1644C60070ADF9 /* UIKitComponent.swift */; };
		D1680EB41F178BA60070ADF9 /* ComponentCacher.swift in Sources */ = {isa = PBXBuildFile; fileRef = D1680EB31F178BA60070ADF9 /* ComponentCacher.swift */; };
		D18C27991F1CD08E004B67C7 /* RowComponent.swift in Sources */ = {isa = PBXBuildFile; fileRef = D18C27981F1CD08E004B67C7 /* RowComponent.swift */; };
		D18FCCBC1F12675B00B27F4E /* ComponentCollectionViewDataSource.swift in Sources */ = {isa = PBXBuildFile; fileRef = D18FCCBB1F12675B00B27F4E /* ComponentCollectionViewDataSource.swift */; };
		D18FCCBE1F126F0700B27F4E /* ExampleComponentViewController.swift in Sources */ = {isa = PBXBuildFile; fileRef = D18FCCBD1F126F0700B27F4E /* ExampleComponentViewController.swift */; };
		D18FCCC31F12DE7300B27F4E /* ExampleComponents.swift in Sources */ = {isa = PBXBuildFile; fileRef = D18FCCC21F12DE7300B27F4E /* ExampleComponents.swift */; };
		D1BBA2741F2DFF4A003FE577 /* TestingAppDelegate.swift in Sources */ = {isa = PBXBuildFile; fileRef = D1BBA2731F2DFF4A003FE577 /* TestingAppDelegate.swift */; };
		D1BBA2761F2DFF7A003FE577 /* main.swift in Sources */ = {isa = PBXBuildFile; fileRef = D1BBA2751F2DFF7A003FE577 /* main.swift */; };
		D1E1570B1F13909F001C345C /* ComponentReconciler.swift in Sources */ = {isa = PBXBuildFile; fileRef = D1E1570A1F139098001C345C /* ComponentReconciler.swift */; };
		D1E1570E1F14E135001C345C /* PropType.swift in Sources */ = {isa = PBXBuildFile; fileRef = D1E1570D1F14E135001C345C /* PropType.swift */; };
		D1EB7BA11F0D3F9700739A67 /* Components.swift in Sources */ = {isa = PBXBuildFile; fileRef = D1EB7BA01F0D3F9700739A67 /* Components.swift */; };
		D1EB7BA81F0E890800739A67 /* Label.swift in Sources */ = {isa = PBXBuildFile; fileRef = D1EB7BA71F0E890800739A67 /* Label.swift */; };
		D1EB7BAC1F0EA9DA00739A67 /* Container.swift in Sources */ = {isa = PBXBuildFile; fileRef = D1EB7BAB1F0EA9DA00739A67 /* Container.swift */; };
/* End PBXBuildFile section */

/* Begin PBXContainerItemProxy section */
		D15103991F0D1AC800213882 /* PBXContainerItemProxy */ = {
			isa = PBXContainerItemProxy;
			containerPortal = D151037C1F0D1AC800213882 /* Project object */;
			proxyType = 1;
			remoteGlobalIDString = D15103831F0D1AC800213882;
			remoteInfo = ReactKit;
		};
/* End PBXContainerItemProxy section */

/* Begin PBXFileReference section */
		D11148401F111C3000CC37AA /* BaseComponentCell.swift */ = {isa = PBXFileReference; lastKnownFileType = sourcecode.swift; path = BaseComponentCell.swift; sourceTree = "<group>"; };
		D11148421F11295100CC37AA /* ComponentRenderer.swift */ = {isa = PBXFileReference; lastKnownFileType = sourcecode.swift; path = ComponentRenderer.swift; sourceTree = "<group>"; };
		D11148441F11307000CC37AA /* UIButton+React.swift */ = {isa = PBXFileReference; lastKnownFileType = sourcecode.swift; path = "UIButton+React.swift"; sourceTree = "<group>"; };
		D11148471F11322700CC37AA /* ComponentFlowLayout.swift */ = {isa = PBXFileReference; lastKnownFileType = sourcecode.swift; path = ComponentFlowLayout.swift; sourceTree = "<group>"; };
		D1182DE61F1A5022008EED00 /* SectionComponent.swift */ = {isa = PBXFileReference; lastKnownFileType = sourcecode.swift; path = SectionComponent.swift; sourceTree = "<group>"; };
		D1182DE81F1A79A6008EED00 /* SingleViewComponent.swift */ = {isa = PBXFileReference; lastKnownFileType = sourcecode.swift; path = SingleViewComponent.swift; sourceTree = "<group>"; };
		D1182DEC1F1B9326008EED00 /* LayoutModels.swift */ = {isa = PBXFileReference; lastKnownFileType = sourcecode.swift; path = LayoutModels.swift; sourceTree = "<group>"; };
		D1182DF01F1BB8CA008EED00 /* LayoutExampleViewController.swift */ = {isa = PBXFileReference; lastKnownFileType = sourcecode.swift; path = LayoutExampleViewController.swift; sourceTree = "<group>"; };
		D121D3081F2CF31800D9B144 /* Mocks.swift */ = {isa = PBXFileReference; lastKnownFileType = sourcecode.swift; path = Mocks.swift; sourceTree = "<group>"; };
		D121D3091F2CF31800D9B144 /* TranslatorTests.swift */ = {isa = PBXFileReference; lastKnownFileType = sourcecode.swift; path = TranslatorTests.swift; sourceTree = "<group>"; };
		D121D30C1F2CF33F00D9B144 /* Translator.swift */ = {isa = PBXFileReference; lastKnownFileType = sourcecode.swift; path = Translator.swift; sourceTree = "<group>"; };
		D15103841F0D1AC800213882 /* ReactKit.app */ = {isa = PBXFileReference; explicitFileType = wrapper.application; includeInIndex = 0; path = ReactKit.app; sourceTree = BUILT_PRODUCTS_DIR; };
		D15103871F0D1AC800213882 /* AppDelegate.swift */ = {isa = PBXFileReference; lastKnownFileType = sourcecode.swift; path = AppDelegate.swift; sourceTree = "<group>"; };
		D15103891F0D1AC800213882 /* BaseComponentViewController.swift */ = {isa = PBXFileReference; lastKnownFileType = sourcecode.swift; path = BaseComponentViewController.swift; sourceTree = "<group>"; };
		D151038E1F0D1AC800213882 /* Assets.xcassets */ = {isa = PBXFileReference; lastKnownFileType = folder.assetcatalog; path = Assets.xcassets; sourceTree = "<group>"; };
		D15103911F0D1AC800213882 /* Base */ = {isa = PBXFileReference; lastKnownFileType = file.storyboard; name = Base; path = Base.lproj/LaunchScreen.storyboard; sourceTree = "<group>"; };
		D15103931F0D1AC800213882 /* Info.plist */ = {isa = PBXFileReference; lastKnownFileType = text.plist.xml; path = Info.plist; sourceTree = "<group>"; };
		D15103981F0D1AC800213882 /* ReactKitTests.xctest */ = {isa = PBXFileReference; explicitFileType = wrapper.cfbundle; includeInIndex = 0; path = ReactKitTests.xctest; sourceTree = BUILT_PRODUCTS_DIR; };
		D151039E1F0D1AC800213882 /* Info.plist */ = {isa = PBXFileReference; lastKnownFileType = text.plist.xml; path = Info.plist; sourceTree = "<group>"; };
		D1680EAD1F1643CE0070ADF9 /* BaseComponent.swift */ = {isa = PBXFileReference; lastKnownFileType = sourcecode.swift; path = BaseComponent.swift; sourceTree = "<group>"; };
		D1680EAF1F1644C60070ADF9 /* UIKitComponent.swift */ = {isa = PBXFileReference; lastKnownFileType = sourcecode.swift; path = UIKitComponent.swift; sourceTree = "<group>"; };
		D1680EB31F178BA60070ADF9 /* ComponentCacher.swift */ = {isa = PBXFileReference; lastKnownFileType = sourcecode.swift; name = ComponentCacher.swift; path = Reconciler/ComponentCacher.swift; sourceTree = "<group>"; };
		D1680EB51F179D2E0070ADF9 /* Notes.md */ = {isa = PBXFileReference; lastKnownFileType = net.daringfireball.markdown; path = Notes.md; sourceTree = "<group>"; };
		D18C27981F1CD08E004B67C7 /* RowComponent.swift */ = {isa = PBXFileReference; lastKnownFileType = sourcecode.swift; path = RowComponent.swift; sourceTree = "<group>"; };
		D18FCCBB1F12675B00B27F4E /* ComponentCollectionViewDataSource.swift */ = {isa = PBXFileReference; lastKnownFileType = sourcecode.swift; path = ComponentCollectionViewDataSource.swift; sourceTree = "<group>"; };
		D18FCCBD1F126F0700B27F4E /* ExampleComponentViewController.swift */ = {isa = PBXFileReference; lastKnownFileType = sourcecode.swift; path = ExampleComponentViewController.swift; sourceTree = "<group>"; };
		D18FCCC21F12DE7300B27F4E /* ExampleComponents.swift */ = {isa = PBXFileReference; lastKnownFileType = sourcecode.swift; path = ExampleComponents.swift; sourceTree = "<group>"; };
		D1BBA2731F2DFF4A003FE577 /* TestingAppDelegate.swift */ = {isa = PBXFileReference; lastKnownFileType = sourcecode.swift; path = TestingAppDelegate.swift; sourceTree = "<group>"; };
		D1BBA2751F2DFF7A003FE577 /* main.swift */ = {isa = PBXFileReference; lastKnownFileType = sourcecode.swift; path = main.swift; sourceTree = "<group>"; };
		D1E1570A1F139098001C345C /* ComponentReconciler.swift */ = {isa = PBXFileReference; lastKnownFileType = sourcecode.swift; name = ComponentReconciler.swift; path = Reconciler/ComponentReconciler.swift; sourceTree = "<group>"; };
		D1E1570D1F14E135001C345C /* PropType.swift */ = {isa = PBXFileReference; lastKnownFileType = sourcecode.swift; path = PropType.swift; sourceTree = "<group>"; };
		D1EB7BA01F0D3F9700739A67 /* Components.swift */ = {isa = PBXFileReference; lastKnownFileType = sourcecode.swift; path = Components.swift; sourceTree = "<group>"; };
		D1EB7BA71F0E890800739A67 /* Label.swift */ = {isa = PBXFileReference; lastKnownFileType = sourcecode.swift; path = Label.swift; sourceTree = "<group>"; };
		D1EB7BAB1F0EA9DA00739A67 /* Container.swift */ = {isa = PBXFileReference; lastKnownFileType = sourcecode.swift; path = Container.swift; sourceTree = "<group>"; };
/* End PBXFileReference section */

/* Begin PBXFrameworksBuildPhase section */
		D15103811F0D1AC800213882 /* Frameworks */ = {
			isa = PBXFrameworksBuildPhase;
			buildActionMask = 2147483647;
			files = (
			);
			runOnlyForDeploymentPostprocessing = 0;
		};
		D15103951F0D1AC800213882 /* Frameworks */ = {
			isa = PBXFrameworksBuildPhase;
			buildActionMask = 2147483647;
			files = (
			);
			runOnlyForDeploymentPostprocessing = 0;
		};
/* End PBXFrameworksBuildPhase section */

/* Begin PBXGroup section */
		D111483F1F111C0100CC37AA /* Components */ = {
			isa = PBXGroup;
			children = (
				D1680EAD1F1643CE0070ADF9 /* BaseComponent.swift */,
				D1EB7BAB1F0EA9DA00739A67 /* Container.swift */,
				D1EB7BA01F0D3F9700739A67 /* Components.swift */,
				D1182DE81F1A79A6008EED00 /* SingleViewComponent.swift */,
				D1EB7BA71F0E890800739A67 /* Label.swift */,
				D1E1570D1F14E135001C345C /* PropType.swift */,
				D1680EAF1F1644C60070ADF9 /* UIKitComponent.swift */,
			);
			path = Components;
			sourceTree = "<group>";
		};
		D11148461F11307400CC37AA /* Extensions */ = {
			isa = PBXGroup;
			children = (
				D11148441F11307000CC37AA /* UIButton+React.swift */,
			);
			name = Extensions;
			sourceTree = "<group>";
		};
		D1182DEB1F1B92F7008EED00 /* Layout */ = {
			isa = PBXGroup;
			children = (
				D11148471F11322700CC37AA /* ComponentFlowLayout.swift */,
				D1182DEC1F1B9326008EED00 /* LayoutModels.swift */,
			);
			path = Layout;
			sourceTree = "<group>";
		};
		D1182DF21F1BB8D2008EED00 /* Example */ = {
			isa = PBXGroup;
			children = (
				D18FCCC21F12DE7300B27F4E /* ExampleComponents.swift */,
				D18FCCBD1F126F0700B27F4E /* ExampleComponentViewController.swift */,
				D1182DF01F1BB8CA008EED00 /* LayoutExampleViewController.swift */,
			);
			name = Example;
			path = "New Group";
			sourceTree = "<group>";
		};
		D151037B1F0D1AC800213882 = {
			isa = PBXGroup;
			children = (
				D15103861F0D1AC800213882 /* ReactKit */,
				D151039B1F0D1AC800213882 /* ReactKitTests */,
				D15103851F0D1AC800213882 /* Products */,
			);
			sourceTree = "<group>";
		};
		D15103851F0D1AC800213882 /* Products */ = {
			isa = PBXGroup;
			children = (
				D15103841F0D1AC800213882 /* ReactKit.app */,
				D15103981F0D1AC800213882 /* ReactKitTests.xctest */,
			);
			name = Products;
			sourceTree = "<group>";
		};
		D15103861F0D1AC800213882 /* ReactKit */ = {
			isa = PBXGroup;
			children = (
				D1680EB51F179D2E0070ADF9 /* Notes.md */,
				D1BBA2751F2DFF7A003FE577 /* main.swift */,
				D15103871F0D1AC800213882 /* AppDelegate.swift */,
				D1BBA2731F2DFF4A003FE577 /* TestingAppDelegate.swift */,
				D1182DF21F1BB8D2008EED00 /* Example */,
				D1182DEB1F1B92F7008EED00 /* Layout */,
				D1E1570F1F14E2FD001C345C /* Renderer */,
				D1E157061F138FF2001C345C /* Reconciler */,
				D1EB7BA61F0E87FF00739A67 /* Controller */,
				D111483F1F111C0100CC37AA /* Components */,
				D11148461F11307400CC37AA /* Extensions */,
				D151038E1F0D1AC800213882 /* Assets.xcassets */,
				D15103901F0D1AC800213882 /* LaunchScreen.storyboard */,
				D15103931F0D1AC800213882 /* Info.plist */,
			);
			path = ReactKit;
			sourceTree = "<group>";
		};
		D151039B1F0D1AC800213882 /* ReactKitTests */ = {
			isa = PBXGroup;
			children = (
				D121D3091F2CF31800D9B144 /* TranslatorTests.swift */,
				D121D3081F2CF31800D9B144 /* Mocks.swift */,
				D151039E1F0D1AC800213882 /* Info.plist */,
			);
			path = ReactKitTests;
			sourceTree = "<group>";
		};
		D1E157061F138FF2001C345C /* Reconciler */ = {
			isa = PBXGroup;
			children = (
				D1E1570A1F139098001C345C /* ComponentReconciler.swift */,
				D1680EB31F178BA60070ADF9 /* ComponentCacher.swift */,
			);
			name = Reconciler;
			sourceTree = "<group>";
		};
		D1E1570F1F14E2FD001C345C /* Renderer */ = {
			isa = PBXGroup;
			children = (
				D121D30C1F2CF33F00D9B144 /* Translator.swift */,
				D11148421F11295100CC37AA /* ComponentRenderer.swift */,
				D18C27981F1CD08E004B67C7 /* RowComponent.swift */,
				D1182DE61F1A5022008EED00 /* SectionComponent.swift */,
			);
			path = Renderer;
			sourceTree = "<group>";
		};
		D1EB7BA61F0E87FF00739A67 /* Controller */ = {
			isa = PBXGroup;
			children = (
				D11148401F111C3000CC37AA /* BaseComponentCell.swift */,
				D15103891F0D1AC800213882 /* BaseComponentViewController.swift */,
				D18FCCBB1F12675B00B27F4E /* ComponentCollectionViewDataSource.swift */,
			);
			name = Controller;
			sourceTree = "<group>";
		};
/* End PBXGroup section */

/* Begin PBXNativeTarget section */
		D15103831F0D1AC800213882 /* ReactKit */ = {
			isa = PBXNativeTarget;
			buildConfigurationList = D15103A11F0D1AC800213882 /* Build configuration list for PBXNativeTarget "ReactKit" */;
			buildPhases = (
				D15103801F0D1AC800213882 /* Sources */,
				D15103811F0D1AC800213882 /* Frameworks */,
				D15103821F0D1AC800213882 /* Resources */,
			);
			buildRules = (
			);
			dependencies = (
			);
			name = ReactKit;
			productName = ReactKit;
			productReference = D15103841F0D1AC800213882 /* ReactKit.app */;
			productType = "com.apple.product-type.application";
		};
		D15103971F0D1AC800213882 /* ReactKitTests */ = {
			isa = PBXNativeTarget;
			buildConfigurationList = D15103A41F0D1AC800213882 /* Build configuration list for PBXNativeTarget "ReactKitTests" */;
			buildPhases = (
				D15103941F0D1AC800213882 /* Sources */,
				D15103951F0D1AC800213882 /* Frameworks */,
				D15103961F0D1AC800213882 /* Resources */,
			);
			buildRules = (
			);
			dependencies = (
				D151039A1F0D1AC800213882 /* PBXTargetDependency */,
			);
			name = ReactKitTests;
			productName = ReactKitTests;
			productReference = D15103981F0D1AC800213882 /* ReactKitTests.xctest */;
			productType = "com.apple.product-type.bundle.unit-test";
		};
/* End PBXNativeTarget section */

/* Begin PBXProject section */
		D151037C1F0D1AC800213882 /* Project object */ = {
			isa = PBXProject;
			attributes = {
				LastSwiftUpdateCheck = 0900;
				LastUpgradeCheck = 0900;
				ORGANIZATIONNAME = Shiiba;
				TargetAttributes = {
					D15103831F0D1AC800213882 = {
						CreatedOnToolsVersion = 9.0;
					};
					D15103971F0D1AC800213882 = {
						CreatedOnToolsVersion = 9.0;
						TestTargetID = D15103831F0D1AC800213882;
					};
				};
			};
			buildConfigurationList = D151037F1F0D1AC800213882 /* Build configuration list for PBXProject "ReactKit" */;
			compatibilityVersion = "Xcode 8.0";
			developmentRegion = en;
			hasScannedForEncodings = 0;
			knownRegions = (
				en,
				Base,
			);
			mainGroup = D151037B1F0D1AC800213882;
			productRefGroup = D15103851F0D1AC800213882 /* Products */;
			projectDirPath = "";
			projectRoot = "";
			targets = (
				D15103831F0D1AC800213882 /* ReactKit */,
				D15103971F0D1AC800213882 /* ReactKitTests */,
			);
		};
/* End PBXProject section */

/* Begin PBXResourcesBuildPhase section */
		D15103821F0D1AC800213882 /* Resources */ = {
			isa = PBXResourcesBuildPhase;
			buildActionMask = 2147483647;
			files = (
				D151038F1F0D1AC800213882 /* Assets.xcassets in Resources */,
			);
			runOnlyForDeploymentPostprocessing = 0;
		};
		D15103961F0D1AC800213882 /* Resources */ = {
			isa = PBXResourcesBuildPhase;
			buildActionMask = 2147483647;
			files = (
			);
			runOnlyForDeploymentPostprocessing = 0;
		};
/* End PBXResourcesBuildPhase section */

/* Begin PBXSourcesBuildPhase section */
		D15103801F0D1AC800213882 /* Sources */ = {
			isa = PBXSourcesBuildPhase;
			buildActionMask = 2147483647;
			files = (
				D151038A1F0D1AC800213882 /* BaseComponentViewController.swift in Sources */,
				D1680EB41F178BA60070ADF9 /* ComponentCacher.swift in Sources */,
				D11148411F111C3000CC37AA /* BaseComponentCell.swift in Sources */,
				D11148431F11295100CC37AA /* ComponentRenderer.swift in Sources */,
				D18FCCC31F12DE7300B27F4E /* ExampleComponents.swift in Sources */,
				D1182DE91F1A79A6008EED00 /* SingleViewComponent.swift in Sources */,
				D1E1570E1F14E135001C345C /* PropType.swift in Sources */,
				D18C27991F1CD08E004B67C7 /* RowComponent.swift in Sources */,
				D18FCCBE1F126F0700B27F4E /* ExampleComponentViewController.swift in Sources */,
				D1EB7BA81F0E890800739A67 /* Label.swift in Sources */,
				D1680EB01F1644C70070ADF9 /* UIKitComponent.swift in Sources */,
				D121D30D1F2CF34200D9B144 /* Translator.swift in Sources */,
				D1182DED1F1B9326008EED00 /* LayoutModels.swift in Sources */,
				D1EB7BA11F0D3F9700739A67 /* Components.swift in Sources */,
				D1EB7BAC1F0EA9DA00739A67 /* Container.swift in Sources */,
				D1680EAE1F1643CE0070ADF9 /* BaseComponent.swift in Sources */,
				D1BBA2761F2DFF7A003FE577 /* main.swift in Sources */,
				D18FCCBC1F12675B00B27F4E /* ComponentCollectionViewDataSource.swift in Sources */,
				D11148481F11322700CC37AA /* ComponentFlowLayout.swift in Sources */,
				D1E1570B1F13909F001C345C /* ComponentReconciler.swift in Sources */,
				D15103881F0D1AC800213882 /* AppDelegate.swift in Sources */,
				D11148451F11307000CC37AA /* UIButton+React.swift in Sources */,
				D1BBA2741F2DFF4A003FE577 /* TestingAppDelegate.swift in Sources */,
				D1182DE71F1A5022008EED00 /* SectionComponent.swift in Sources */,
				D1182DF11F1BB8CA008EED00 /* LayoutExampleViewController.swift in Sources */,
			);
			runOnlyForDeploymentPostprocessing = 0;
		};
		D15103941F0D1AC800213882 /* Sources */ = {
			isa = PBXSourcesBuildPhase;
			buildActionMask = 2147483647;
			files = (
				D121D30A1F2CF31C00D9B144 /* TranslatorTests.swift in Sources */,
				D121D30B1F2CF31E00D9B144 /* Mocks.swift in Sources */,
			);
			runOnlyForDeploymentPostprocessing = 0;
		};
/* End PBXSourcesBuildPhase section */

/* Begin PBXTargetDependency section */
		D151039A1F0D1AC800213882 /* PBXTargetDependency */ = {
			isa = PBXTargetDependency;
			target = D15103831F0D1AC800213882 /* ReactKit */;
			targetProxy = D15103991F0D1AC800213882 /* PBXContainerItemProxy */;
		};
/* End PBXTargetDependency section */

/* Begin PBXVariantGroup section */
		D15103901F0D1AC800213882 /* LaunchScreen.storyboard */ = {
			isa = PBXVariantGroup;
			children = (
				D15103911F0D1AC800213882 /* Base */,
			);
			name = LaunchScreen.storyboard;
			sourceTree = "<group>";
		};
/* End PBXVariantGroup section */

/* Begin XCBuildConfiguration section */
		D151039F1F0D1AC800213882 /* Debug */ = {
			isa = XCBuildConfiguration;
			buildSettings = {
				ALWAYS_SEARCH_USER_PATHS = NO;
				CLANG_ANALYZER_NONNULL = YES;
				CLANG_ANALYZER_NUMBER_OBJECT_CONVERSION = YES_AGGRESSIVE;
				CLANG_CXX_LANGUAGE_STANDARD = "gnu++14";
				CLANG_CXX_LIBRARY = "libc++";
				CLANG_ENABLE_MODULES = YES;
				CLANG_ENABLE_OBJC_ARC = YES;
				CLANG_WARN_BLOCK_CAPTURE_AUTORELEASING = YES;
				CLANG_WARN_BOOL_CONVERSION = YES;
				CLANG_WARN_COMMA = YES;
				CLANG_WARN_CONSTANT_CONVERSION = YES;
				CLANG_WARN_DIRECT_OBJC_ISA_USAGE = YES_ERROR;
				CLANG_WARN_DOCUMENTATION_COMMENTS = YES;
				CLANG_WARN_EMPTY_BODY = YES;
				CLANG_WARN_ENUM_CONVERSION = YES;
				CLANG_WARN_INFINITE_RECURSION = YES;
				CLANG_WARN_INT_CONVERSION = YES;
				CLANG_WARN_OBJC_ROOT_CLASS = YES_ERROR;
				CLANG_WARN_RANGE_LOOP_ANALYSIS = YES;
				CLANG_WARN_STRICT_PROTOTYPES = YES;
				CLANG_WARN_SUSPICIOUS_MOVE = YES;
				CLANG_WARN_UNGUARDED_AVAILABILITY = YES_AGGRESSIVE;
				CLANG_WARN_UNREACHABLE_CODE = YES;
				CLANG_WARN__DUPLICATE_METHOD_MATCH = YES;
				CODE_SIGN_IDENTITY = "iPhone Developer";
				COPY_PHASE_STRIP = NO;
				DEBUG_INFORMATION_FORMAT = dwarf;
				ENABLE_STRICT_OBJC_MSGSEND = YES;
				ENABLE_TESTABILITY = YES;
				GCC_C_LANGUAGE_STANDARD = gnu11;
				GCC_DYNAMIC_NO_PIC = NO;
				GCC_NO_COMMON_BLOCKS = YES;
				GCC_OPTIMIZATION_LEVEL = 0;
				GCC_PREPROCESSOR_DEFINITIONS = (
					"DEBUG=1",
					"$(inherited)",
				);
				GCC_WARN_64_TO_32_BIT_CONVERSION = YES;
				GCC_WARN_ABOUT_RETURN_TYPE = YES_ERROR;
				GCC_WARN_UNDECLARED_SELECTOR = YES;
				GCC_WARN_UNINITIALIZED_AUTOS = YES_AGGRESSIVE;
				GCC_WARN_UNUSED_FUNCTION = YES;
				GCC_WARN_UNUSED_VARIABLE = YES;
				IPHONEOS_DEPLOYMENT_TARGET = 11.0;
				MTL_ENABLE_DEBUG_INFO = YES;
				ONLY_ACTIVE_ARCH = YES;
				SDKROOT = iphoneos;
				SWIFT_ACTIVE_COMPILATION_CONDITIONS = DEBUG;
				SWIFT_OPTIMIZATION_LEVEL = "-Onone";
			};
			name = Debug;
		};
		D15103A01F0D1AC800213882 /* Release */ = {
			isa = XCBuildConfiguration;
			buildSettings = {
				ALWAYS_SEARCH_USER_PATHS = NO;
				CLANG_ANALYZER_NONNULL = YES;
				CLANG_ANALYZER_NUMBER_OBJECT_CONVERSION = YES_AGGRESSIVE;
				CLANG_CXX_LANGUAGE_STANDARD = "gnu++14";
				CLANG_CXX_LIBRARY = "libc++";
				CLANG_ENABLE_MODULES = YES;
				CLANG_ENABLE_OBJC_ARC = YES;
				CLANG_WARN_BLOCK_CAPTURE_AUTORELEASING = YES;
				CLANG_WARN_BOOL_CONVERSION = YES;
				CLANG_WARN_COMMA = YES;
				CLANG_WARN_CONSTANT_CONVERSION = YES;
				CLANG_WARN_DIRECT_OBJC_ISA_USAGE = YES_ERROR;
				CLANG_WARN_DOCUMENTATION_COMMENTS = YES;
				CLANG_WARN_EMPTY_BODY = YES;
				CLANG_WARN_ENUM_CONVERSION = YES;
				CLANG_WARN_INFINITE_RECURSION = YES;
				CLANG_WARN_INT_CONVERSION = YES;
				CLANG_WARN_OBJC_ROOT_CLASS = YES_ERROR;
				CLANG_WARN_RANGE_LOOP_ANALYSIS = YES;
				CLANG_WARN_STRICT_PROTOTYPES = YES;
				CLANG_WARN_SUSPICIOUS_MOVE = YES;
				CLANG_WARN_UNGUARDED_AVAILABILITY = YES_AGGRESSIVE;
				CLANG_WARN_UNREACHABLE_CODE = YES;
				CLANG_WARN__DUPLICATE_METHOD_MATCH = YES;
				CODE_SIGN_IDENTITY = "iPhone Developer";
				COPY_PHASE_STRIP = NO;
				DEBUG_INFORMATION_FORMAT = "dwarf-with-dsym";
				ENABLE_NS_ASSERTIONS = NO;
				ENABLE_STRICT_OBJC_MSGSEND = YES;
				GCC_C_LANGUAGE_STANDARD = gnu11;
				GCC_NO_COMMON_BLOCKS = YES;
				GCC_WARN_64_TO_32_BIT_CONVERSION = YES;
				GCC_WARN_ABOUT_RETURN_TYPE = YES_ERROR;
				GCC_WARN_UNDECLARED_SELECTOR = YES;
				GCC_WARN_UNINITIALIZED_AUTOS = YES_AGGRESSIVE;
				GCC_WARN_UNUSED_FUNCTION = YES;
				GCC_WARN_UNUSED_VARIABLE = YES;
				IPHONEOS_DEPLOYMENT_TARGET = 11.0;
				MTL_ENABLE_DEBUG_INFO = NO;
				SDKROOT = iphoneos;
				SWIFT_OPTIMIZATION_LEVEL = "-Owholemodule";
				VALIDATE_PRODUCT = YES;
			};
			name = Release;
		};
		D15103A21F0D1AC800213882 /* Debug */ = {
			isa = XCBuildConfiguration;
			buildSettings = {
				ASSETCATALOG_COMPILER_APPICON_NAME = AppIcon;
				INFOPLIST_FILE = ReactKit/Info.plist;
				LD_RUNPATH_SEARCH_PATHS = "$(inherited) @executable_path/Frameworks";
				PRODUCT_BUNDLE_IDENTIFIER = com.Shiiba.ReactKit;
				PRODUCT_NAME = "$(TARGET_NAME)";
				SWIFT_VERSION = 4.0;
				TARGETED_DEVICE_FAMILY = "1,2";
			};
			name = Debug;
		};
		D15103A31F0D1AC800213882 /* Release */ = {
			isa = XCBuildConfiguration;
			buildSettings = {
				ASSETCATALOG_COMPILER_APPICON_NAME = AppIcon;
				INFOPLIST_FILE = ReactKit/Info.plist;
				LD_RUNPATH_SEARCH_PATHS = "$(inherited) @executable_path/Frameworks";
				PRODUCT_BUNDLE_IDENTIFIER = com.Shiiba.ReactKit;
				PRODUCT_NAME = "$(TARGET_NAME)";
				SWIFT_VERSION = 4.0;
				TARGETED_DEVICE_FAMILY = "1,2";
			};
			name = Release;
		};
		D15103A51F0D1AC800213882 /* Debug */ = {
			isa = XCBuildConfiguration;
			buildSettings = {
				ALWAYS_EMBED_SWIFT_STANDARD_LIBRARIES = YES;
				BUNDLE_LOADER = "$(TEST_HOST)";
				INFOPLIST_FILE = ReactKitTests/Info.plist;
				LD_RUNPATH_SEARCH_PATHS = "$(inherited) @executable_path/Frameworks @loader_path/Frameworks";
				PRODUCT_BUNDLE_IDENTIFIER = com.Shiiba.ReactKitTests;
				PRODUCT_NAME = "$(TARGET_NAME)";
				SWIFT_VERSION = 4.0;
				TARGETED_DEVICE_FAMILY = "1,2";
				TEST_HOST = "$(BUILT_PRODUCTS_DIR)/ReactKit.app/ReactKit";
			};
			name = Debug;
		};
		D15103A61F0D1AC800213882 /* Release */ = {
			isa = XCBuildConfiguration;
			buildSettings = {
				ALWAYS_EMBED_SWIFT_STANDARD_LIBRARIES = YES;
				BUNDLE_LOADER = "$(TEST_HOST)";
				INFOPLIST_FILE = ReactKitTests/Info.plist;
				LD_RUNPATH_SEARCH_PATHS = "$(inherited) @executable_path/Frameworks @loader_path/Frameworks";
				PRODUCT_BUNDLE_IDENTIFIER = com.Shiiba.ReactKitTests;
				PRODUCT_NAME = "$(TARGET_NAME)";
				SWIFT_VERSION = 4.0;
				TARGETED_DEVICE_FAMILY = "1,2";
				TEST_HOST = "$(BUILT_PRODUCTS_DIR)/ReactKit.app/ReactKit";
			};
			name = Release;
		};
/* End XCBuildConfiguration section */

/* Begin XCConfigurationList section */
		D151037F1F0D1AC800213882 /* Build configuration list for PBXProject "ReactKit" */ = {
			isa = XCConfigurationList;
			buildConfigurations = (
				D151039F1F0D1AC800213882 /* Debug */,
				D15103A01F0D1AC800213882 /* Release */,
			);
			defaultConfigurationIsVisible = 0;
			defaultConfigurationName = Release;
		};
		D15103A11F0D1AC800213882 /* Build configuration list for PBXNativeTarget "ReactKit" */ = {
			isa = XCConfigurationList;
			buildConfigurations = (
				D15103A21F0D1AC800213882 /* Debug */,
				D15103A31F0D1AC800213882 /* Release */,
			);
			defaultConfigurationIsVisible = 0;
			defaultConfigurationName = Release;
		};
		D15103A41F0D1AC800213882 /* Build configuration list for PBXNativeTarget "ReactKitTests" */ = {
			isa = XCConfigurationList;
			buildConfigurations = (
				D15103A51F0D1AC800213882 /* Debug */,
				D15103A61F0D1AC800213882 /* Release */,
			);
			defaultConfigurationIsVisible = 0;
			defaultConfigurationName = Release;
		};
/* End XCConfigurationList section */
	};
	rootObject = D151037C1F0D1AC800213882 /* Project object */;
}
