// !$*UTF8*$!
{
	archiveVersion = 1;
	classes = {
	};
	objectVersion = 48;
	objects = {

/* Begin PBXBuildFile section */
		D121D30A1F2CF31C00D9B144 /* TranslatorTests.swift in Sources */ = {isa = PBXBuildFile; fileRef = D121D3091F2CF31800D9B144 /* TranslatorTests.swift */; };
		D121D30B1F2CF31E00D9B144 /* Mocks.swift in Sources */ = {isa = PBXBuildFile; fileRef = D121D3081F2CF31800D9B144 /* Mocks.swift */; };
		D152A13D1F2E13EF004C1B47 /* ComponentCollectionViewLayout.swift in Sources */ = {isa = PBXBuildFile; fileRef = D152A13C1F2E13DD004C1B47 /* ComponentCollectionViewLayout.swift */; };
		D152A1401F2E1DF7004C1B47 /* FlexDimension.swift in Sources */ = {isa = PBXBuildFile; fileRef = D152A13F1F2E1DF7004C1B47 /* FlexDimension.swift */; };
		D1BBA2851F2E0419003FE577 /* main.swift in Sources */ = {isa = PBXBuildFile; fileRef = D1BBA2831F2E0412003FE577 /* main.swift */; };
		D1BBA2861F2E0436003FE577 /* AppDelegate.swift in Sources */ = {isa = PBXBuildFile; fileRef = D1BBA27F1F2E0412003FE577 /* AppDelegate.swift */; };
		D1BBA2871F2E043C003FE577 /* TestingAppDelegate.swift in Sources */ = {isa = PBXBuildFile; fileRef = D1BBA2841F2E0412003FE577 /* TestingAppDelegate.swift */; };
		D1BBA2881F2E043F003FE577 /* Base.lproj in Resources */ = {isa = PBXBuildFile; fileRef = D1BBA2801F2E0412003FE577 /* Base.lproj */; };
		D1BBA2891F2E0444003FE577 /* Info.plist in Resources */ = {isa = PBXBuildFile; fileRef = D1BBA2821F2E0412003FE577 /* Info.plist */; };
		D1BBA28A1F2E0446003FE577 /* Assets.xcassets in Resources */ = {isa = PBXBuildFile; fileRef = D1BBA2811F2E0412003FE577 /* Assets.xcassets */; };
		D1BBA2941F2E04FD003FE577 /* UIButton+React.swift in Sources */ = {isa = PBXBuildFile; fileRef = D1BBA2931F2E04EE003FE577 /* UIButton+React.swift */; };
		D1BBA29B1F2E055A003FE577 /* BaseComponentCell.swift in Sources */ = {isa = PBXBuildFile; fileRef = D1BBA29A1F2E0549003FE577 /* BaseComponentCell.swift */; };
		D1BBA29C1F2E055C003FE577 /* BaseComponentViewController.swift in Sources */ = {isa = PBXBuildFile; fileRef = D1BBA2981F2E0549003FE577 /* BaseComponentViewController.swift */; };
		D1BBA29D1F2E055F003FE577 /* ComponentCollectionViewDataSource.swift in Sources */ = {isa = PBXBuildFile; fileRef = D1BBA2991F2E0549003FE577 /* ComponentCollectionViewDataSource.swift */; };
		D1BBA2A11F2E0592003FE577 /* LayoutModels.swift in Sources */ = {isa = PBXBuildFile; fileRef = D1BBA2A01F2E057D003FE577 /* LayoutModels.swift */; };
		D1BBA2A91F2E05D5003FE577 /* BaseComponent.swift in Sources */ = {isa = PBXBuildFile; fileRef = D1BBA2A81F2E05AA003FE577 /* BaseComponent.swift */; };
		D1BBA2AA1F2E05D7003FE577 /* Components.swift in Sources */ = {isa = PBXBuildFile; fileRef = D1BBA2A61F2E05AA003FE577 /* Components.swift */; };
		D1BBA2AB1F2E05D9003FE577 /* Container.swift in Sources */ = {isa = PBXBuildFile; fileRef = D1BBA2A41F2E05A9003FE577 /* Container.swift */; };
		D1BBA2AC1F2E05DB003FE577 /* PropType.swift in Sources */ = {isa = PBXBuildFile; fileRef = D1BBA2A51F2E05AA003FE577 /* PropType.swift */; };
		D1BBA2AD1F2E05DE003FE577 /* UIKitComponent.swift in Sources */ = {isa = PBXBuildFile; fileRef = D1BBA2A71F2E05AA003FE577 /* UIKitComponent.swift */; };
		D1BBA2BC1F2E0685003FE577 /* Translator.swift in Sources */ = {isa = PBXBuildFile; fileRef = D1BBA2B71F2E0670003FE577 /* Translator.swift */; };
		D1BBA2BD1F2E0687003FE577 /* Cacher.swift in Sources */ = {isa = PBXBuildFile; fileRef = D1BBA2BB1F2E0670003FE577 /* Cacher.swift */; };
		D1BBA2BE1F2E0689003FE577 /* Reconciler.swift in Sources */ = {isa = PBXBuildFile; fileRef = D1BBA2B81F2E0670003FE577 /* Reconciler.swift */; };
		D1BBA2BF1F2E068B003FE577 /* Renderer.swift in Sources */ = {isa = PBXBuildFile; fileRef = D1BBA2B61F2E0670003FE577 /* Renderer.swift */; };
		D1BBA2C51F2E06B1003FE577 /* LayoutExampleViewController.swift in Sources */ = {isa = PBXBuildFile; fileRef = D1BBA2C41F2E06A8003FE577 /* LayoutExampleViewController.swift */; };
		D1BBA2C61F2E06B4003FE577 /* ExampleComponents.swift in Sources */ = {isa = PBXBuildFile; fileRef = D1BBA2C31F2E06A8003FE577 /* ExampleComponents.swift */; };
		D1BBA2C71F2E06B7003FE577 /* ExampleComponentViewController.swift in Sources */ = {isa = PBXBuildFile; fileRef = D1BBA2C21F2E06A8003FE577 /* ExampleComponentViewController.swift */; };
		D1BBA2CA1F2E06FF003FE577 /* Label.swift in Sources */ = {isa = PBXBuildFile; fileRef = D1BBA2C81F2E06F2003FE577 /* Label.swift */; };
		D1BBA2CB1F2E0702003FE577 /* SingleViewComponent.swift in Sources */ = {isa = PBXBuildFile; fileRef = D1BBA2C91F2E06F2003FE577 /* SingleViewComponent.swift */; };
		D1BBA2D61F2E08FA003FE577 /* Row.swift in Sources */ = {isa = PBXBuildFile; fileRef = D1BBA2D41F2E08DC003FE577 /* Row.swift */; };
		D1BBA2D71F2E08FD003FE577 /* Section.swift in Sources */ = {isa = PBXBuildFile; fileRef = D1BBA2D51F2E08DC003FE577 /* Section.swift */; };
/* End PBXBuildFile section */

/* Begin PBXContainerItemProxy section */
		D15103991F0D1AC800213882 /* PBXContainerItemProxy */ = {
			isa = PBXContainerItemProxy;
			containerPortal = D151037C1F0D1AC800213882 /* Project object */;
			proxyType = 1;
			remoteGlobalIDString = D15103831F0D1AC800213882;
			remoteInfo = ReactKit;
		};
/* End PBXContainerItemProxy section */

/* Begin PBXFileReference section */
		D121D3081F2CF31800D9B144 /* Mocks.swift */ = {isa = PBXFileReference; lastKnownFileType = sourcecode.swift; path = Mocks.swift; sourceTree = "<group>"; };
		D121D3091F2CF31800D9B144 /* TranslatorTests.swift */ = {isa = PBXFileReference; lastKnownFileType = sourcecode.swift; path = TranslatorTests.swift; sourceTree = "<group>"; };
		D15103841F0D1AC800213882 /* ReactKit.app */ = {isa = PBXFileReference; explicitFileType = wrapper.application; includeInIndex = 0; path = ReactKit.app; sourceTree = BUILT_PRODUCTS_DIR; };
		D15103981F0D1AC800213882 /* ReactKitTests.xctest */ = {isa = PBXFileReference; explicitFileType = wrapper.cfbundle; includeInIndex = 0; path = ReactKitTests.xctest; sourceTree = BUILT_PRODUCTS_DIR; };
		D151039E1F0D1AC800213882 /* Info.plist */ = {isa = PBXFileReference; lastKnownFileType = text.plist.xml; path = Info.plist; sourceTree = "<group>"; };
		D152A13C1F2E13DD004C1B47 /* ComponentCollectionViewLayout.swift */ = {isa = PBXFileReference; lastKnownFileType = sourcecode.swift; name = ComponentCollectionViewLayout.swift; path = Core/CollectionView/ComponentCollectionViewLayout.swift; sourceTree = "<group>"; };
		D152A13F1F2E1DF7004C1B47 /* FlexDimension.swift */ = {isa = PBXFileReference; lastKnownFileType = sourcecode.swift; name = FlexDimension.swift; path = Core/Layout/FlexDimension.swift; sourceTree = "<group>"; };
		D1BBA27F1F2E0412003FE577 /* AppDelegate.swift */ = {isa = PBXFileReference; lastKnownFileType = sourcecode.swift; name = AppDelegate.swift; path = "Supporting FIles/AppDelegate.swift"; sourceTree = "<group>"; };
		D1BBA2801F2E0412003FE577 /* Base.lproj */ = {isa = PBXFileReference; lastKnownFileType = folder; name = Base.lproj; path = "Supporting FIles/Base.lproj"; sourceTree = "<group>"; };
		D1BBA2811F2E0412003FE577 /* Assets.xcassets */ = {isa = PBXFileReference; lastKnownFileType = folder.assetcatalog; name = Assets.xcassets; path = "Supporting FIles/Assets.xcassets"; sourceTree = "<group>"; };
		D1BBA2821F2E0412003FE577 /* Info.plist */ = {isa = PBXFileReference; lastKnownFileType = text.plist.xml; path = Info.plist; sourceTree = "<group>"; };
		D1BBA2831F2E0412003FE577 /* main.swift */ = {isa = PBXFileReference; lastKnownFileType = sourcecode.swift; name = main.swift; path = "Supporting FIles/main.swift"; sourceTree = "<group>"; };
		D1BBA2841F2E0412003FE577 /* TestingAppDelegate.swift */ = {isa = PBXFileReference; lastKnownFileType = sourcecode.swift; name = TestingAppDelegate.swift; path = "Supporting FIles/TestingAppDelegate.swift"; sourceTree = "<group>"; };
		D1BBA2931F2E04EE003FE577 /* UIButton+React.swift */ = {isa = PBXFileReference; lastKnownFileType = sourcecode.swift; name = "UIButton+React.swift"; path = "Core/Extensions/UIButton+React.swift"; sourceTree = "<group>"; };
		D1BBA2981F2E0549003FE577 /* BaseComponentViewController.swift */ = {isa = PBXFileReference; lastKnownFileType = sourcecode.swift; name = BaseComponentViewController.swift; path = Core/CollectionView/BaseComponentViewController.swift; sourceTree = "<group>"; };
		D1BBA2991F2E0549003FE577 /* ComponentCollectionViewDataSource.swift */ = {isa = PBXFileReference; lastKnownFileType = sourcecode.swift; name = ComponentCollectionViewDataSource.swift; path = Core/CollectionView/ComponentCollectionViewDataSource.swift; sourceTree = "<group>"; };
		D1BBA29A1F2E0549003FE577 /* BaseComponentCell.swift */ = {isa = PBXFileReference; lastKnownFileType = sourcecode.swift; name = BaseComponentCell.swift; path = Core/CollectionView/BaseComponentCell.swift; sourceTree = "<group>"; };
		D1BBA2A01F2E057D003FE577 /* LayoutModels.swift */ = {isa = PBXFileReference; lastKnownFileType = sourcecode.swift; name = LayoutModels.swift; path = Core/Layout/LayoutModels.swift; sourceTree = "<group>"; };
		D1BBA2A41F2E05A9003FE577 /* Container.swift */ = {isa = PBXFileReference; lastKnownFileType = sourcecode.swift; name = Container.swift; path = Core/Models/Container.swift; sourceTree = "<group>"; };
		D1BBA2A51F2E05AA003FE577 /* PropType.swift */ = {isa = PBXFileReference; lastKnownFileType = sourcecode.swift; name = PropType.swift; path = Core/Models/PropType.swift; sourceTree = "<group>"; };
		D1BBA2A61F2E05AA003FE577 /* Components.swift */ = {isa = PBXFileReference; lastKnownFileType = sourcecode.swift; name = Components.swift; path = Core/Models/Components.swift; sourceTree = "<group>"; };
		D1BBA2A71F2E05AA003FE577 /* UIKitComponent.swift */ = {isa = PBXFileReference; lastKnownFileType = sourcecode.swift; name = UIKitComponent.swift; path = Core/Models/UIKitComponent.swift; sourceTree = "<group>"; };
		D1BBA2A81F2E05AA003FE577 /* BaseComponent.swift */ = {isa = PBXFileReference; lastKnownFileType = sourcecode.swift; name = BaseComponent.swift; path = Core/Models/BaseComponent.swift; sourceTree = "<group>"; };
		D1BBA2B61F2E0670003FE577 /* Renderer.swift */ = {isa = PBXFileReference; lastKnownFileType = sourcecode.swift; name = Renderer.swift; path = Core/Renderer/Renderer.swift; sourceTree = "<group>"; };
		D1BBA2B71F2E0670003FE577 /* Translator.swift */ = {isa = PBXFileReference; lastKnownFileType = sourcecode.swift; name = Translator.swift; path = Core/Renderer/Translator.swift; sourceTree = "<group>"; };
		D1BBA2B81F2E0670003FE577 /* Reconciler.swift */ = {isa = PBXFileReference; lastKnownFileType = sourcecode.swift; name = Reconciler.swift; path = Core/Renderer/Reconciler.swift; sourceTree = "<group>"; };
		D1BBA2BB1F2E0670003FE577 /* Cacher.swift */ = {isa = PBXFileReference; lastKnownFileType = sourcecode.swift; name = Cacher.swift; path = Core/Renderer/Cacher.swift; sourceTree = "<group>"; };
		D1BBA2C21F2E06A8003FE577 /* ExampleComponentViewController.swift */ = {isa = PBXFileReference; lastKnownFileType = sourcecode.swift; name = ExampleComponentViewController.swift; path = Examples/ExampleComponentViewController.swift; sourceTree = "<group>"; };
		D1BBA2C31F2E06A8003FE577 /* ExampleComponents.swift */ = {isa = PBXFileReference; lastKnownFileType = sourcecode.swift; name = ExampleComponents.swift; path = Examples/ExampleComponents.swift; sourceTree = "<group>"; };
		D1BBA2C41F2E06A8003FE577 /* LayoutExampleViewController.swift */ = {isa = PBXFileReference; lastKnownFileType = sourcecode.swift; name = LayoutExampleViewController.swift; path = Examples/LayoutExampleViewController.swift; sourceTree = "<group>"; };
		D1BBA2C81F2E06F2003FE577 /* Label.swift */ = {isa = PBXFileReference; lastKnownFileType = sourcecode.swift; name = Label.swift; path = Core/Components/Label.swift; sourceTree = "<group>"; };
		D1BBA2C91F2E06F2003FE577 /* SingleViewComponent.swift */ = {isa = PBXFileReference; lastKnownFileType = sourcecode.swift; name = SingleViewComponent.swift; path = Core/Components/SingleViewComponent.swift; sourceTree = "<group>"; };
		D1BBA2D41F2E08DC003FE577 /* Row.swift */ = {isa = PBXFileReference; lastKnownFileType = sourcecode.swift; name = Row.swift; path = Core/Renderer/Models/Row.swift; sourceTree = "<group>"; };
		D1BBA2D51F2E08DC003FE577 /* Section.swift */ = {isa = PBXFileReference; lastKnownFileType = sourcecode.swift; name = Section.swift; path = Core/Renderer/Models/Section.swift; sourceTree = "<group>"; };
/* End PBXFileReference section */

/* Begin PBXFrameworksBuildPhase section */
		D15103811F0D1AC800213882 /* Frameworks */ = {
			isa = PBXFrameworksBuildPhase;
			buildActionMask = 2147483647;
			files = (
			);
			runOnlyForDeploymentPostprocessing = 0;
		};
		D15103951F0D1AC800213882 /* Frameworks */ = {
			isa = PBXFrameworksBuildPhase;
			buildActionMask = 2147483647;
			files = (
			);
			runOnlyForDeploymentPostprocessing = 0;
		};
/* End PBXFrameworksBuildPhase section */

/* Begin PBXGroup section */
		D151037B1F0D1AC800213882 = {
			isa = PBXGroup;
			children = (
				D15103861F0D1AC800213882 /* ReactKit */,
				D151039B1F0D1AC800213882 /* ReactKitTests */,
				D15103851F0D1AC800213882 /* Products */,
			);
			sourceTree = "<group>";
		};
		D15103851F0D1AC800213882 /* Products */ = {
			isa = PBXGroup;
			children = (
				D15103841F0D1AC800213882 /* ReactKit.app */,
				D15103981F0D1AC800213882 /* ReactKitTests.xctest */,
			);
			name = Products;
			sourceTree = "<group>";
		};
		D15103861F0D1AC800213882 /* ReactKit */ = {
			isa = PBXGroup;
			children = (
				D1BBA2901F2E0483003FE577 /* Core */,
				D1BBA2911F2E0491003FE577 /* Examples */,
				D1BBA2821F2E0412003FE577 /* Info.plist */,
				D1BBA2781F2E03DD003FE577 /* Supporting Files */,
			);
			path = ReactKit;
			sourceTree = "<group>";
		};
		D151039B1F0D1AC800213882 /* ReactKitTests */ = {
			isa = PBXGroup;
			children = (
				D121D3091F2CF31800D9B144 /* TranslatorTests.swift */,
				D121D3081F2CF31800D9B144 /* Mocks.swift */,
				D151039E1F0D1AC800213882 /* Info.plist */,
			);
			path = ReactKitTests;
			sourceTree = "<group>";
		};
		D1BBA2781F2E03DD003FE577 /* Supporting Files */ = {
			isa = PBXGroup;
			children = (
				D1BBA2831F2E0412003FE577 /* main.swift */,
				D1BBA27F1F2E0412003FE577 /* AppDelegate.swift */,
				D1BBA2841F2E0412003FE577 /* TestingAppDelegate.swift */,
				D1BBA2801F2E0412003FE577 /* Base.lproj */,
				D1BBA2811F2E0412003FE577 /* Assets.xcassets */,
			);
			name = "Supporting Files";
			sourceTree = "<group>";
		};
		D1BBA28B1F2E044C003FE577 /* Components */ = {
			isa = PBXGroup;
			children = (
				D1BBA2C81F2E06F2003FE577 /* Label.swift */,
				D1BBA2C91F2E06F2003FE577 /* SingleViewComponent.swift */,
			);
			name = Components;
			sourceTree = "<group>";
		};
		D1BBA2901F2E0483003FE577 /* Core */ = {
			isa = PBXGroup;
			children = (
				D1BBA28B1F2E044C003FE577 /* Components */,
				D1BBA2971F2E0526003FE577 /* CollectionView */,
				D1BBA29E1F2E056A003FE577 /* Layout */,
				D1BBA2A31F2E059A003FE577 /* Models */,
				D1BBA2B51F2E0665003FE577 /* Renderer */,
				D1BBA2921F2E0497003FE577 /* Extensions */,
			);
			name = Core;
			sourceTree = "<group>";
		};
		D1BBA2911F2E0491003FE577 /* Examples */ = {
			isa = PBXGroup;
			children = (
				D1BBA2C41F2E06A8003FE577 /* LayoutExampleViewController.swift */,
				D1BBA2C31F2E06A8003FE577 /* ExampleComponents.swift */,
				D1BBA2C21F2E06A8003FE577 /* ExampleComponentViewController.swift */,
			);
			name = Examples;
			sourceTree = "<group>";
		};
		D1BBA2921F2E0497003FE577 /* Extensions */ = {
			isa = PBXGroup;
			children = (
				D1BBA2931F2E04EE003FE577 /* UIButton+React.swift */,
			);
			name = Extensions;
			sourceTree = "<group>";
		};
		D1BBA2971F2E0526003FE577 /* CollectionView */ = {
			isa = PBXGroup;
			children = (
				D1BBA29A1F2E0549003FE577 /* BaseComponentCell.swift */,
				D1BBA2981F2E0549003FE577 /* BaseComponentViewController.swift */,
				D1BBA2991F2E0549003FE577 /* ComponentCollectionViewDataSource.swift */,
				D152A13C1F2E13DD004C1B47 /* ComponentCollectionViewLayout.swift */,
			);
			name = CollectionView;
			sourceTree = "<group>";
		};
		D1BBA29E1F2E056A003FE577 /* Layout */ = {
			isa = PBXGroup;
			children = (
				D1BBA2A01F2E057D003FE577 /* LayoutModels.swift */,
				D152A13F1F2E1DF7004C1B47 /* FlexDimension.swift */,
			);
			name = Layout;
			sourceTree = "<group>";
		};
		D1BBA2A31F2E059A003FE577 /* Models */ = {
			isa = PBXGroup;
			children = (
				D1BBA2A81F2E05AA003FE577 /* BaseComponent.swift */,
				D1BBA2A61F2E05AA003FE577 /* Components.swift */,
				D1BBA2A41F2E05A9003FE577 /* Container.swift */,
				D1BBA2A51F2E05AA003FE577 /* PropType.swift */,
				D1BBA2A71F2E05AA003FE577 /* UIKitComponent.swift */,
			);
			name = Models;
			sourceTree = "<group>";
		};
		D1BBA2B51F2E0665003FE577 /* Renderer */ = {
			isa = PBXGroup;
			children = (
				D1BBA2BB1F2E0670003FE577 /* Cacher.swift */,
				D1BBA2B81F2E0670003FE577 /* Reconciler.swift */,
				D1BBA2B61F2E0670003FE577 /* Renderer.swift */,
				D1BBA2B71F2E0670003FE577 /* Translator.swift */,
				D1BBA2D21F2E087C003FE577 /* Models */,
			);
			name = Renderer;
			sourceTree = "<group>";
		};
		D1BBA2D21F2E087C003FE577 /* Models */ = {
			isa = PBXGroup;
			children = (
				D1BBA2D41F2E08DC003FE577 /* Row.swift */,
				D1BBA2D51F2E08DC003FE577 /* Section.swift */,
			);
			name = Models;
			sourceTree = "<group>";
		};
/* End PBXGroup section */

/* Begin PBXNativeTarget section */
		D15103831F0D1AC800213882 /* ReactKit */ = {
			isa = PBXNativeTarget;
			buildConfigurationList = D15103A11F0D1AC800213882 /* Build configuration list for PBXNativeTarget "ReactKit" */;
			buildPhases = (
				D15103801F0D1AC800213882 /* Sources */,
				D15103811F0D1AC800213882 /* Frameworks */,
				D15103821F0D1AC800213882 /* Resources */,
			);
			buildRules = (
			);
			dependencies = (
			);
			name = ReactKit;
			productName = ReactKit;
			productReference = D15103841F0D1AC800213882 /* ReactKit.app */;
			productType = "com.apple.product-type.application";
		};
		D15103971F0D1AC800213882 /* ReactKitTests */ = {
			isa = PBXNativeTarget;
			buildConfigurationList = D15103A41F0D1AC800213882 /* Build configuration list for PBXNativeTarget "ReactKitTests" */;
			buildPhases = (
				D15103941F0D1AC800213882 /* Sources */,
				D15103951F0D1AC800213882 /* Frameworks */,
				D15103961F0D1AC800213882 /* Resources */,
			);
			buildRules = (
			);
			dependencies = (
				D151039A1F0D1AC800213882 /* PBXTargetDependency */,
			);
			name = ReactKitTests;
			productName = ReactKitTests;
			productReference = D15103981F0D1AC800213882 /* ReactKitTests.xctest */;
			productType = "com.apple.product-type.bundle.unit-test";
		};
/* End PBXNativeTarget section */

/* Begin PBXProject section */
		D151037C1F0D1AC800213882 /* Project object */ = {
			isa = PBXProject;
			attributes = {
				LastSwiftUpdateCheck = 0900;
				LastUpgradeCheck = 0900;
				ORGANIZATIONNAME = Shiiba;
				TargetAttributes = {
					D15103831F0D1AC800213882 = {
						CreatedOnToolsVersion = 9.0;
						LastSwiftMigration = 0900;
					};
					D15103971F0D1AC800213882 = {
						CreatedOnToolsVersion = 9.0;
						TestTargetID = D15103831F0D1AC800213882;
					};
				};
			};
			buildConfigurationList = D151037F1F0D1AC800213882 /* Build configuration list for PBXProject "ReactKit" */;
			compatibilityVersion = "Xcode 8.0";
			developmentRegion = en;
			hasScannedForEncodings = 0;
			knownRegions = (
				en,
				Base,
			);
			mainGroup = D151037B1F0D1AC800213882;
			productRefGroup = D15103851F0D1AC800213882 /* Products */;
			projectDirPath = "";
			projectRoot = "";
			targets = (
				D15103831F0D1AC800213882 /* ReactKit */,
				D15103971F0D1AC800213882 /* ReactKitTests */,
			);
		};
/* End PBXProject section */

/* Begin PBXResourcesBuildPhase section */
		D15103821F0D1AC800213882 /* Resources */ = {
			isa = PBXResourcesBuildPhase;
			buildActionMask = 2147483647;
			files = (
				D1BBA2891F2E0444003FE577 /* Info.plist in Resources */,
				D1BBA28A1F2E0446003FE577 /* Assets.xcassets in Resources */,
				D1BBA2881F2E043F003FE577 /* Base.lproj in Resources */,
			);
			runOnlyForDeploymentPostprocessing = 0;
		};
		D15103961F0D1AC800213882 /* Resources */ = {
			isa = PBXResourcesBuildPhase;
			buildActionMask = 2147483647;
			files = (
			);
			runOnlyForDeploymentPostprocessing = 0;
		};
/* End PBXResourcesBuildPhase section */

/* Begin PBXSourcesBuildPhase section */
		D15103801F0D1AC800213882 /* Sources */ = {
			isa = PBXSourcesBuildPhase;
			buildActionMask = 2147483647;
			files = (
				D1BBA2AA1F2E05D7003FE577 /* Components.swift in Sources */,
				D1BBA2A91F2E05D5003FE577 /* BaseComponent.swift in Sources */,
				D1BBA29D1F2E055F003FE577 /* ComponentCollectionViewDataSource.swift in Sources */,
				D1BBA2BC1F2E0685003FE577 /* Translator.swift in Sources */,
				D1BBA2D71F2E08FD003FE577 /* Section.swift in Sources */,
				D152A1401F2E1DF7004C1B47 /* FlexDimension.swift in Sources */,
				D1BBA2871F2E043C003FE577 /* TestingAppDelegate.swift in Sources */,
				D1BBA2BD1F2E0687003FE577 /* Cacher.swift in Sources */,
				D1BBA2CB1F2E0702003FE577 /* SingleViewComponent.swift in Sources */,
				D1BBA2C71F2E06B7003FE577 /* ExampleComponentViewController.swift in Sources */,
				D1BBA2D61F2E08FA003FE577 /* Row.swift in Sources */,
				D1BBA2941F2E04FD003FE577 /* UIButton+React.swift in Sources */,
				D1BBA29B1F2E055A003FE577 /* BaseComponentCell.swift in Sources */,
				D1BBA29C1F2E055C003FE577 /* BaseComponentViewController.swift in Sources */,
				D1BBA2A11F2E0592003FE577 /* LayoutModels.swift in Sources */,
				D1BBA2AD1F2E05DE003FE577 /* UIKitComponent.swift in Sources */,
				D1BBA2C51F2E06B1003FE577 /* LayoutExampleViewController.swift in Sources */,
				D1BBA2CA1F2E06FF003FE577 /* Label.swift in Sources */,
				D1BBA2BF1F2E068B003FE577 /* Renderer.swift in Sources */,
				D1BBA2861F2E0436003FE577 /* AppDelegate.swift in Sources */,
				D1BBA2AB1F2E05D9003FE577 /* Container.swift in Sources */,
				D1BBA2BE1F2E0689003FE577 /* Reconciler.swift in Sources */,
				D1BBA2C61F2E06B4003FE577 /* ExampleComponents.swift in Sources */,
				D1BBA2851F2E0419003FE577 /* main.swift in Sources */,
				D152A13D1F2E13EF004C1B47 /* ComponentCollectionViewLayout.swift in Sources */,
				D1BBA2AC1F2E05DB003FE577 /* PropType.swift in Sources */,
			);
			runOnlyForDeploymentPostprocessing = 0;
		};
		D15103941F0D1AC800213882 /* Sources */ = {
			isa = PBXSourcesBuildPhase;
			buildActionMask = 2147483647;
			files = (
				D121D30A1F2CF31C00D9B144 /* TranslatorTests.swift in Sources */,
				D121D30B1F2CF31E00D9B144 /* Mocks.swift in Sources */,
			);
			runOnlyForDeploymentPostprocessing = 0;
		};
/* End PBXSourcesBuildPhase section */

/* Begin PBXTargetDependency section */
		D151039A1F0D1AC800213882 /* PBXTargetDependency */ = {
			isa = PBXTargetDependency;
			target = D15103831F0D1AC800213882 /* ReactKit */;
			targetProxy = D15103991F0D1AC800213882 /* PBXContainerItemProxy */;
		};
/* End PBXTargetDependency section */

/* Begin XCBuildConfiguration section */
		D151039F1F0D1AC800213882 /* Debug */ = {
			isa = XCBuildConfiguration;
			buildSettings = {
				ALWAYS_SEARCH_USER_PATHS = NO;
				CLANG_ANALYZER_NONNULL = YES;
				CLANG_ANALYZER_NUMBER_OBJECT_CONVERSION = YES_AGGRESSIVE;
				CLANG_CXX_LANGUAGE_STANDARD = "gnu++14";
				CLANG_CXX_LIBRARY = "libc++";
				CLANG_ENABLE_MODULES = YES;
				CLANG_ENABLE_OBJC_ARC = YES;
				CLANG_WARN_BLOCK_CAPTURE_AUTORELEASING = YES;
				CLANG_WARN_BOOL_CONVERSION = YES;
				CLANG_WARN_COMMA = YES;
				CLANG_WARN_CONSTANT_CONVERSION = YES;
				CLANG_WARN_DIRECT_OBJC_ISA_USAGE = YES_ERROR;
				CLANG_WARN_DOCUMENTATION_COMMENTS = YES;
				CLANG_WARN_EMPTY_BODY = YES;
				CLANG_WARN_ENUM_CONVERSION = YES;
				CLANG_WARN_INFINITE_RECURSION = YES;
				CLANG_WARN_INT_CONVERSION = YES;
				CLANG_WARN_OBJC_ROOT_CLASS = YES_ERROR;
				CLANG_WARN_RANGE_LOOP_ANALYSIS = YES;
				CLANG_WARN_STRICT_PROTOTYPES = YES;
				CLANG_WARN_SUSPICIOUS_MOVE = YES;
				CLANG_WARN_UNGUARDED_AVAILABILITY = YES_AGGRESSIVE;
				CLANG_WARN_UNREACHABLE_CODE = YES;
				CLANG_WARN__DUPLICATE_METHOD_MATCH = YES;
				CODE_SIGN_IDENTITY = "iPhone Developer";
				COPY_PHASE_STRIP = NO;
				DEBUG_INFORMATION_FORMAT = dwarf;
				ENABLE_STRICT_OBJC_MSGSEND = YES;
				ENABLE_TESTABILITY = YES;
				GCC_C_LANGUAGE_STANDARD = gnu11;
				GCC_DYNAMIC_NO_PIC = NO;
				GCC_NO_COMMON_BLOCKS = YES;
				GCC_OPTIMIZATION_LEVEL = 0;
				GCC_PREPROCESSOR_DEFINITIONS = (
					"DEBUG=1",
					"$(inherited)",
				);
				GCC_WARN_64_TO_32_BIT_CONVERSION = YES;
				GCC_WARN_ABOUT_RETURN_TYPE = YES_ERROR;
				GCC_WARN_UNDECLARED_SELECTOR = YES;
				GCC_WARN_UNINITIALIZED_AUTOS = YES_AGGRESSIVE;
				GCC_WARN_UNUSED_FUNCTION = YES;
				GCC_WARN_UNUSED_VARIABLE = YES;
				IPHONEOS_DEPLOYMENT_TARGET = 11.0;
				MTL_ENABLE_DEBUG_INFO = YES;
				ONLY_ACTIVE_ARCH = YES;
				SDKROOT = iphoneos;
				SWIFT_ACTIVE_COMPILATION_CONDITIONS = DEBUG;
				SWIFT_OPTIMIZATION_LEVEL = "-Onone";
			};
			name = Debug;
		};
		D15103A01F0D1AC800213882 /* Release */ = {
			isa = XCBuildConfiguration;
			buildSettings = {
				ALWAYS_SEARCH_USER_PATHS = NO;
				CLANG_ANALYZER_NONNULL = YES;
				CLANG_ANALYZER_NUMBER_OBJECT_CONVERSION = YES_AGGRESSIVE;
				CLANG_CXX_LANGUAGE_STANDARD = "gnu++14";
				CLANG_CXX_LIBRARY = "libc++";
				CLANG_ENABLE_MODULES = YES;
				CLANG_ENABLE_OBJC_ARC = YES;
				CLANG_WARN_BLOCK_CAPTURE_AUTORELEASING = YES;
				CLANG_WARN_BOOL_CONVERSION = YES;
				CLANG_WARN_COMMA = YES;
				CLANG_WARN_CONSTANT_CONVERSION = YES;
				CLANG_WARN_DIRECT_OBJC_ISA_USAGE = YES_ERROR;
				CLANG_WARN_DOCUMENTATION_COMMENTS = YES;
				CLANG_WARN_EMPTY_BODY = YES;
				CLANG_WARN_ENUM_CONVERSION = YES;
				CLANG_WARN_INFINITE_RECURSION = YES;
				CLANG_WARN_INT_CONVERSION = YES;
				CLANG_WARN_OBJC_ROOT_CLASS = YES_ERROR;
				CLANG_WARN_RANGE_LOOP_ANALYSIS = YES;
				CLANG_WARN_STRICT_PROTOTYPES = YES;
				CLANG_WARN_SUSPICIOUS_MOVE = YES;
				CLANG_WARN_UNGUARDED_AVAILABILITY = YES_AGGRESSIVE;
				CLANG_WARN_UNREACHABLE_CODE = YES;
				CLANG_WARN__DUPLICATE_METHOD_MATCH = YES;
				CODE_SIGN_IDENTITY = "iPhone Developer";
				COPY_PHASE_STRIP = NO;
				DEBUG_INFORMATION_FORMAT = "dwarf-with-dsym";
				ENABLE_NS_ASSERTIONS = NO;
				ENABLE_STRICT_OBJC_MSGSEND = YES;
				GCC_C_LANGUAGE_STANDARD = gnu11;
				GCC_NO_COMMON_BLOCKS = YES;
				GCC_WARN_64_TO_32_BIT_CONVERSION = YES;
				GCC_WARN_ABOUT_RETURN_TYPE = YES_ERROR;
				GCC_WARN_UNDECLARED_SELECTOR = YES;
				GCC_WARN_UNINITIALIZED_AUTOS = YES_AGGRESSIVE;
				GCC_WARN_UNUSED_FUNCTION = YES;
				GCC_WARN_UNUSED_VARIABLE = YES;
				IPHONEOS_DEPLOYMENT_TARGET = 11.0;
				MTL_ENABLE_DEBUG_INFO = NO;
				SDKROOT = iphoneos;
				SWIFT_OPTIMIZATION_LEVEL = "-Owholemodule";
				VALIDATE_PRODUCT = YES;
			};
			name = Release;
		};
		D15103A21F0D1AC800213882 /* Debug */ = {
			isa = XCBuildConfiguration;
			buildSettings = {
				ASSETCATALOG_COMPILER_APPICON_NAME = AppIcon;
				CLANG_ENABLE_MODULES = YES;
				INFOPLIST_FILE = ReactKit/Info.plist;
				LD_RUNPATH_SEARCH_PATHS = "$(inherited) @executable_path/Frameworks";
				PRODUCT_BUNDLE_IDENTIFIER = com.Shiiba.ReactKit;
				PRODUCT_NAME = "$(TARGET_NAME)";
				SWIFT_OPTIMIZATION_LEVEL = "-Onone";
				SWIFT_VERSION = 4.0;
				TARGETED_DEVICE_FAMILY = "1,2";
			};
			name = Debug;
		};
		D15103A31F0D1AC800213882 /* Release */ = {
			isa = XCBuildConfiguration;
			buildSettings = {
				ASSETCATALOG_COMPILER_APPICON_NAME = AppIcon;
				CLANG_ENABLE_MODULES = YES;
				INFOPLIST_FILE = ReactKit/Info.plist;
				LD_RUNPATH_SEARCH_PATHS = "$(inherited) @executable_path/Frameworks";
				PRODUCT_BUNDLE_IDENTIFIER = com.Shiiba.ReactKit;
				PRODUCT_NAME = "$(TARGET_NAME)";
				SWIFT_VERSION = 4.0;
				TARGETED_DEVICE_FAMILY = "1,2";
			};
			name = Release;
		};
		D15103A51F0D1AC800213882 /* Debug */ = {
			isa = XCBuildConfiguration;
			buildSettings = {
				ALWAYS_EMBED_SWIFT_STANDARD_LIBRARIES = YES;
				BUNDLE_LOADER = "$(TEST_HOST)";
				INFOPLIST_FILE = ReactKitTests/Info.plist;
				LD_RUNPATH_SEARCH_PATHS = "$(inherited) @executable_path/Frameworks @loader_path/Frameworks";
				PRODUCT_BUNDLE_IDENTIFIER = com.Shiiba.ReactKitTests;
				PRODUCT_NAME = "$(TARGET_NAME)";
				SWIFT_VERSION = 4.0;
				TARGETED_DEVICE_FAMILY = "1,2";
				TEST_HOST = "$(BUILT_PRODUCTS_DIR)/ReactKit.app/ReactKit";
			};
			name = Debug;
		};
		D15103A61F0D1AC800213882 /* Release */ = {
			isa = XCBuildConfiguration;
			buildSettings = {
				ALWAYS_EMBED_SWIFT_STANDARD_LIBRARIES = YES;
				BUNDLE_LOADER = "$(TEST_HOST)";
				INFOPLIST_FILE = ReactKitTests/Info.plist;
				LD_RUNPATH_SEARCH_PATHS = "$(inherited) @executable_path/Frameworks @loader_path/Frameworks";
				PRODUCT_BUNDLE_IDENTIFIER = com.Shiiba.ReactKitTests;
				PRODUCT_NAME = "$(TARGET_NAME)";
				SWIFT_VERSION = 4.0;
				TARGETED_DEVICE_FAMILY = "1,2";
				TEST_HOST = "$(BUILT_PRODUCTS_DIR)/ReactKit.app/ReactKit";
			};
			name = Release;
		};
/* End XCBuildConfiguration section */

/* Begin XCConfigurationList section */
		D151037F1F0D1AC800213882 /* Build configuration list for PBXProject "ReactKit" */ = {
			isa = XCConfigurationList;
			buildConfigurations = (
				D151039F1F0D1AC800213882 /* Debug */,
				D15103A01F0D1AC800213882 /* Release */,
			);
			defaultConfigurationIsVisible = 0;
			defaultConfigurationName = Release;
		};
		D15103A11F0D1AC800213882 /* Build configuration list for PBXNativeTarget "ReactKit" */ = {
			isa = XCConfigurationList;
			buildConfigurations = (
				D15103A21F0D1AC800213882 /* Debug */,
				D15103A31F0D1AC800213882 /* Release */,
			);
			defaultConfigurationIsVisible = 0;
			defaultConfigurationName = Release;
		};
		D15103A41F0D1AC800213882 /* Build configuration list for PBXNativeTarget "ReactKitTests" */ = {
			isa = XCConfigurationList;
			buildConfigurations = (
				D15103A51F0D1AC800213882 /* Debug */,
				D15103A61F0D1AC800213882 /* Release */,
			);
			defaultConfigurationIsVisible = 0;
			defaultConfigurationName = Release;
		};
/* End XCConfigurationList section */
	};
	rootObject = D151037C1F0D1AC800213882 /* Project object */;
}
